
Microsoft Visual Studio Solution File, Format Version 12.00
# Visual Studio Version 16
VisualStudioVersion = 16.0.33927.289
MinimumVisualStudioVersion = 10.0.40219.1
Project("{8BC9CEB8-8B4A-11D0-8D11-00A0C91BC942}") = "do_while_цикл_дроби", "do_while_цикл_дроби\do_while_цикл_дроби.vcxproj", "{28184FC9-CEF1-41F7-8A41-6222247DE263}"
EndProject
Global
	GlobalSection(SolutionConfigurationPlatforms) = preSolution
		Debug|x64 = Debug|x64
		Debug|x86 = Debug|x86
		Release|x64 = Release|x64
		Release|x86 = Release|x86
	EndGlobalSection
	GlobalSection(ProjectConfigurationPlatforms) = postSolution
		{28184FC9-CEF1-41F7-8A41-6222247DE263}.Debug|x64.ActiveCfg = Debug|x64
		{28184FC9-CEF1-41F7-8A41-6222247DE263}.Debug|x64.Build.0 = Debug|x64
		{28184FC9-CEF1-41F7-8A41-6222247DE263}.Debug|x86.ActiveCfg = Debug|Win32
		{28184FC9-CEF1-41F7-8A41-6222247DE263}.Debug|x86.Build.0 = Debug|Win32
		{28184FC9-CEF1-41F7-8A41-6222247DE263}.Release|x64.ActiveCfg = Release|x64
		{28184FC9-CEF1-41F7-8A41-6222247DE263}.Release|x64.Build.0 = Release|x64
		{28184FC9-CEF1-41F7-8A41-6222247DE263}.Release|x86.ActiveCfg = Release|Win32
		{28184FC9-CEF1-41F7-8A41-6222247DE263}.Release|x86.Build.0 = Release|Win32
	EndGlobalSection
	GlobalSection(SolutionProperties) = preSolution
		HideSolutionNode = FALSE
	EndGlobalSection
	GlobalSection(ExtensibilityGlobals) = postSolution
		SolutionGuid = {4966EFF6-F391-4348-921C-C6B3E203BDC1}
	EndGlobalSection
EndGlobal
